{
  "name": "Custom Enchants",
  "lockfileVersion": 3,
  "requires": true,
  "packages": {
    "": {
      "dependencies": {
        "@minecraft/server": "^1.2.0",
        "@minecraft/server-gametest": "^1.0.0-beta.11940b24"
      }
    },
    "node_modules/@minecraft/server": {
      "version": "1.2.0",
      "resolved": "https://registry.npmjs.org/@minecraft/server/-/server-1.2.0.tgz",
      "integrity": "sha512-z+H0TCo+JDufiUbq00VPQjzbL61j4l7WyNh5ERWQwfngVhuQkkcjlaDLRwixIRzHasCUANxN2EZzd3rCdE5W+A=="
    },
    "node_modules/@minecraft/server-gametest": {
      "version": "1.0.0-beta.11940b24",
      "resolved": "https://registry.npmjs.org/@minecraft/server-gametest/-/server-gametest-1.0.0-beta.11940b24.tgz",
      "integrity": "sha512-TOecKhn3degu829tLYix5jlX2SN2u8xR7zA3YIzjN3WVdvPyrjr/tEKbkztf1gdmYgvm7aBu9gT3riSulz2jBw==",
      "deprecated": "No longer supported",
      "dependencies": {
        "@minecraft/server": "1.0.0-beta.11940b24"
      }
    },
    "node_modules/@minecraft/server-gametest/node_modules/@minecraft/server": {
      "version": "1.0.0-beta.11940b24",
      "resolved": "https://registry.npmjs.org/@minecraft/server/-/server-1.0.0-beta.11940b24.tgz",
      "integrity": "sha512-1d5hXQ/g+kWvpoWiQ/IInxTeOxM6RECQ2+l3bR4AmmZ58NRq4pPYevaEvhVs06yKeM/3FmSPVqBu1/Lr6gN1Rg==",
      "deprecated": "No longer supported"
    }
  }
}
